
Microsoft Visual Studio Solution File, Format Version 12.00
# Visual Studio Version 17
VisualStudioVersion = 17.13.35828.75 d17.13
MinimumVisualStudioVersion = 10.0.40219.1
Project("{FAE04EC0-301F-11D3-BF4B-00C04F79EFBC}") = "ResumeProjectNight", "ResumeProjectNight\ResumeProjectNight.csproj", "{08168CE2-1BA3-4867-AA8F-3FFAFDCEEDFA}"
EndProject
Global
	GlobalSection(SolutionConfigurationPlatforms) = preSolution
		Debug|Any CPU = Debug|Any CPU
		Release|Any CPU = Release|Any CPU
	EndGlobalSection
	GlobalSection(ProjectConfigurationPlatforms) = postSolution
		{08168CE2-1BA3-4867-AA8F-3FFAFDCEEDFA}.Debug|Any CPU.ActiveCfg = Debug|Any CPU
		{08168CE2-1BA3-4867-AA8F-3FFAFDCEEDFA}.Debug|Any CPU.Build.0 = Debug|Any CPU
		{08168CE2-1BA3-4867-AA8F-3FFAFDCEEDFA}.Release|Any CPU.ActiveCfg = Release|Any CPU
		{08168CE2-1BA3-4867-AA8F-3FFAFDCEEDFA}.Release|Any CPU.Build.0 = Release|Any CPU
	EndGlobalSection
	GlobalSection(SolutionProperties) = preSolution
		HideSolutionNode = FALSE
	EndGlobalSection
	GlobalSection(ExtensibilityGlobals) = postSolution
		SolutionGuid = {3C26580B-7309-437F-B577-7596187B7AE0}
	EndGlobalSection
EndGlobal
